
Microsoft Visual Studio Solution File, Format Version 12.00
# Visual Studio Version 17
VisualStudioVersion = 17.0.31903.59
MinimumVisualStudioVersion = 10.0.40219.1
Project("{2150E333-8FDC-42A3-9474-1A3956D46DE8}") = "DAY2", "DAY2", "{0F7079F7-E55D-ED73-0375-19BFE3B19470}"
EndProject
Project("{FAE04EC0-301F-11D3-BF4B-00C04F79EFBC}") = "Task_1_5", "DAY2\Task_1_5\Task_1_5.csproj", "{7D453F65-20F5-480E-92ED-833BD33A2377}"
EndProject
Project("{FAE04EC0-301F-11D3-BF4B-00C04F79EFBC}") = "Task_1_6", "DAY2\Task_1_6\Task_1_6.csproj", "{32640250-349D-46C2-8F43-4484D584518D}"
EndProject
Project("{FAE04EC0-301F-11D3-BF4B-00C04F79EFBC}") = "Task_1_7", "DAY2\Task_1_7\Task_1_7.csproj", "{F7546C54-754E-421A-8B39-6FA1C2FA4A4D}"
EndProject
Project("{FAE04EC0-301F-11D3-BF4B-00C04F79EFBC}") = "Task_1_8", "DAY2\Task_1_8\Task_1_8.csproj", "{F48AA309-A601-4FB4-BDF1-BA3779E5D8D6}"
EndProject
Project("{2150E333-8FDC-42A3-9474-1A3956D46DE8}") = "DAY3", "DAY3", "{0D665604-C928-4F15-2E39-29EE6604C658}"
EndProject
Project("{FAE04EC0-301F-11D3-BF4B-00C04F79EFBC}") = "Task_1_9", "DAY3\Task_1_9\Task_1_9.csproj", "{7EA4ED6F-235F-491E-945C-71A0D5032C8B}"
EndProject
Global
	GlobalSection(SolutionConfigurationPlatforms) = preSolution
		Debug|Any CPU = Debug|Any CPU
		Debug|x64 = Debug|x64
		Debug|x86 = Debug|x86
		Release|Any CPU = Release|Any CPU
		Release|x64 = Release|x64
		Release|x86 = Release|x86
	EndGlobalSection
	GlobalSection(ProjectConfigurationPlatforms) = postSolution
		{7D453F65-20F5-480E-92ED-833BD33A2377}.Debug|Any CPU.ActiveCfg = Debug|Any CPU
		{7D453F65-20F5-480E-92ED-833BD33A2377}.Debug|Any CPU.Build.0 = Debug|Any CPU
		{7D453F65-20F5-480E-92ED-833BD33A2377}.Debug|x64.ActiveCfg = Debug|Any CPU
		{7D453F65-20F5-480E-92ED-833BD33A2377}.Debug|x64.Build.0 = Debug|Any CPU
		{7D453F65-20F5-480E-92ED-833BD33A2377}.Debug|x86.ActiveCfg = Debug|Any CPU
		{7D453F65-20F5-480E-92ED-833BD33A2377}.Debug|x86.Build.0 = Debug|Any CPU
		{7D453F65-20F5-480E-92ED-833BD33A2377}.Release|Any CPU.ActiveCfg = Release|Any CPU
		{7D453F65-20F5-480E-92ED-833BD33A2377}.Release|Any CPU.Build.0 = Release|Any CPU
		{7D453F65-20F5-480E-92ED-833BD33A2377}.Release|x64.ActiveCfg = Release|Any CPU
		{7D453F65-20F5-480E-92ED-833BD33A2377}.Release|x64.Build.0 = Release|Any CPU
		{7D453F65-20F5-480E-92ED-833BD33A2377}.Release|x86.ActiveCfg = Release|Any CPU
		{7D453F65-20F5-480E-92ED-833BD33A2377}.Release|x86.Build.0 = Release|Any CPU
		{32640250-349D-46C2-8F43-4484D584518D}.Debug|Any CPU.ActiveCfg = Debug|Any CPU
		{32640250-349D-46C2-8F43-4484D584518D}.Debug|Any CPU.Build.0 = Debug|Any CPU
		{32640250-349D-46C2-8F43-4484D584518D}.Debug|x64.ActiveCfg = Debug|Any CPU
		{32640250-349D-46C2-8F43-4484D584518D}.Debug|x64.Build.0 = Debug|Any CPU
		{32640250-349D-46C2-8F43-4484D584518D}.Debug|x86.ActiveCfg = Debug|Any CPU
		{32640250-349D-46C2-8F43-4484D584518D}.Debug|x86.Build.0 = Debug|Any CPU
		{32640250-349D-46C2-8F43-4484D584518D}.Release|Any CPU.ActiveCfg = Release|Any CPU
		{32640250-349D-46C2-8F43-4484D584518D}.Release|Any CPU.Build.0 = Release|Any CPU
		{32640250-349D-46C2-8F43-4484D584518D}.Release|x64.ActiveCfg = Release|Any CPU
		{32640250-349D-46C2-8F43-4484D584518D}.Release|x64.Build.0 = Release|Any CPU
		{32640250-349D-46C2-8F43-4484D584518D}.Release|x86.ActiveCfg = Release|Any CPU
		{32640250-349D-46C2-8F43-4484D584518D}.Release|x86.Build.0 = Release|Any CPU
		{F7546C54-754E-421A-8B39-6FA1C2FA4A4D}.Debug|Any CPU.ActiveCfg = Debug|Any CPU
		{F7546C54-754E-421A-8B39-6FA1C2FA4A4D}.Debug|Any CPU.Build.0 = Debug|Any CPU
		{F7546C54-754E-421A-8B39-6FA1C2FA4A4D}.Debug|x64.ActiveCfg = Debug|Any CPU
		{F7546C54-754E-421A-8B39-6FA1C2FA4A4D}.Debug|x64.Build.0 = Debug|Any CPU
		{F7546C54-754E-421A-8B39-6FA1C2FA4A4D}.Debug|x86.ActiveCfg = Debug|Any CPU
		{F7546C54-754E-421A-8B39-6FA1C2FA4A4D}.Debug|x86.Build.0 = Debug|Any CPU
		{F7546C54-754E-421A-8B39-6FA1C2FA4A4D}.Release|Any CPU.ActiveCfg = Release|Any CPU
		{F7546C54-754E-421A-8B39-6FA1C2FA4A4D}.Release|Any CPU.Build.0 = Release|Any CPU
		{F7546C54-754E-421A-8B39-6FA1C2FA4A4D}.Release|x64.ActiveCfg = Release|Any CPU
		{F7546C54-754E-421A-8B39-6FA1C2FA4A4D}.Release|x64.Build.0 = Release|Any CPU
		{F7546C54-754E-421A-8B39-6FA1C2FA4A4D}.Release|x86.ActiveCfg = Release|Any CPU
		{F7546C54-754E-421A-8B39-6FA1C2FA4A4D}.Release|x86.Build.0 = Release|Any CPU
		{F48AA309-A601-4FB4-BDF1-BA3779E5D8D6}.Debug|Any CPU.ActiveCfg = Debug|Any CPU
		{F48AA309-A601-4FB4-BDF1-BA3779E5D8D6}.Debug|Any CPU.Build.0 = Debug|Any CPU
		{F48AA309-A601-4FB4-BDF1-BA3779E5D8D6}.Debug|x64.ActiveCfg = Debug|Any CPU
		{F48AA309-A601-4FB4-BDF1-BA3779E5D8D6}.Debug|x64.Build.0 = Debug|Any CPU
		{F48AA309-A601-4FB4-BDF1-BA3779E5D8D6}.Debug|x86.ActiveCfg = Debug|Any CPU
		{F48AA309-A601-4FB4-BDF1-BA3779E5D8D6}.Debug|x86.Build.0 = Debug|Any CPU
		{F48AA309-A601-4FB4-BDF1-BA3779E5D8D6}.Release|Any CPU.ActiveCfg = Release|Any CPU
		{F48AA309-A601-4FB4-BDF1-BA3779E5D8D6}.Release|Any CPU.Build.0 = Release|Any CPU
		{F48AA309-A601-4FB4-BDF1-BA3779E5D8D6}.Release|x64.ActiveCfg = Release|Any CPU
		{F48AA309-A601-4FB4-BDF1-BA3779E5D8D6}.Release|x64.Build.0 = Release|Any CPU
		{F48AA309-A601-4FB4-BDF1-BA3779E5D8D6}.Release|x86.ActiveCfg = Release|Any CPU
		{F48AA309-A601-4FB4-BDF1-BA3779E5D8D6}.Release|x86.Build.0 = Release|Any CPU
		{7EA4ED6F-235F-491E-945C-71A0D5032C8B}.Debug|Any CPU.ActiveCfg = Debug|Any CPU
		{7EA4ED6F-235F-491E-945C-71A0D5032C8B}.Debug|Any CPU.Build.0 = Debug|Any CPU
		{7EA4ED6F-235F-491E-945C-71A0D5032C8B}.Debug|x64.ActiveCfg = Debug|Any CPU
		{7EA4ED6F-235F-491E-945C-71A0D5032C8B}.Debug|x64.Build.0 = Debug|Any CPU
		{7EA4ED6F-235F-491E-945C-71A0D5032C8B}.Debug|x86.ActiveCfg = Debug|Any CPU
		{7EA4ED6F-235F-491E-945C-71A0D5032C8B}.Debug|x86.Build.0 = Debug|Any CPU
		{7EA4ED6F-235F-491E-945C-71A0D5032C8B}.Release|Any CPU.ActiveCfg = Release|Any CPU
		{7EA4ED6F-235F-491E-945C-71A0D5032C8B}.Release|Any CPU.Build.0 = Release|Any CPU
		{7EA4ED6F-235F-491E-945C-71A0D5032C8B}.Release|x64.ActiveCfg = Release|Any CPU
		{7EA4ED6F-235F-491E-945C-71A0D5032C8B}.Release|x64.Build.0 = Release|Any CPU
		{7EA4ED6F-235F-491E-945C-71A0D5032C8B}.Release|x86.ActiveCfg = Release|Any CPU
		{7EA4ED6F-235F-491E-945C-71A0D5032C8B}.Release|x86.Build.0 = Release|Any CPU
	EndGlobalSection
	GlobalSection(SolutionProperties) = preSolution
		HideSolutionNode = FALSE
	EndGlobalSection
	GlobalSection(NestedProjects) = preSolution
		{7D453F65-20F5-480E-92ED-833BD33A2377} = {0F7079F7-E55D-ED73-0375-19BFE3B19470}
		{32640250-349D-46C2-8F43-4484D584518D} = {0F7079F7-E55D-ED73-0375-19BFE3B19470}
		{F7546C54-754E-421A-8B39-6FA1C2FA4A4D} = {0F7079F7-E55D-ED73-0375-19BFE3B19470}
		{F48AA309-A601-4FB4-BDF1-BA3779E5D8D6} = {0F7079F7-E55D-ED73-0375-19BFE3B19470}
		{7EA4ED6F-235F-491E-945C-71A0D5032C8B} = {0D665604-C928-4F15-2E39-29EE6604C658}
	EndGlobalSection
EndGlobal
