
Microsoft Visual Studio Solution File, Format Version 12.00
# Visual Studio Version 17
VisualStudioVersion = 17.0.31903.59
MinimumVisualStudioVersion = 10.0.40219.1
Project("{FAE04EC0-301F-11D3-BF4B-00C04F79EFBC}") = "Task_1_17", "Task_1_17\Task_1_17.csproj", "{4DC70D12-D1BE-4A05-8450-2427A662DA5C}"
EndProject
Project("{FAE04EC0-301F-11D3-BF4B-00C04F79EFBC}") = "MQ1", "MQ1\MQ1.csproj", "{5577A8B7-7E76-4231-8409-6E654E477FDF}"
EndProject
Project("{FAE04EC0-301F-11D3-BF4B-00C04F79EFBC}") = "MQ2", "MQ2\MQ2.csproj", "{FD7CEA3F-9D78-401F-915F-584DB2C6FAD9}"
EndProject
Project("{FAE04EC0-301F-11D3-BF4B-00C04F79EFBC}") = "MQ3", "MQ3\MQ3.csproj", "{4C0F18D1-87ED-443F-9150-45ACE4D24E50}"
EndProject
Global
	GlobalSection(SolutionConfigurationPlatforms) = preSolution
		Debug|Any CPU = Debug|Any CPU
		Debug|x64 = Debug|x64
		Debug|x86 = Debug|x86
		Release|Any CPU = Release|Any CPU
		Release|x64 = Release|x64
		Release|x86 = Release|x86
	EndGlobalSection
	GlobalSection(ProjectConfigurationPlatforms) = postSolution
		{4DC70D12-D1BE-4A05-8450-2427A662DA5C}.Debug|Any CPU.ActiveCfg = Debug|Any CPU
		{4DC70D12-D1BE-4A05-8450-2427A662DA5C}.Debug|Any CPU.Build.0 = Debug|Any CPU
		{4DC70D12-D1BE-4A05-8450-2427A662DA5C}.Debug|x64.ActiveCfg = Debug|Any CPU
		{4DC70D12-D1BE-4A05-8450-2427A662DA5C}.Debug|x64.Build.0 = Debug|Any CPU
		{4DC70D12-D1BE-4A05-8450-2427A662DA5C}.Debug|x86.ActiveCfg = Debug|Any CPU
		{4DC70D12-D1BE-4A05-8450-2427A662DA5C}.Debug|x86.Build.0 = Debug|Any CPU
		{4DC70D12-D1BE-4A05-8450-2427A662DA5C}.Release|Any CPU.ActiveCfg = Release|Any CPU
		{4DC70D12-D1BE-4A05-8450-2427A662DA5C}.Release|Any CPU.Build.0 = Release|Any CPU
		{4DC70D12-D1BE-4A05-8450-2427A662DA5C}.Release|x64.ActiveCfg = Release|Any CPU
		{4DC70D12-D1BE-4A05-8450-2427A662DA5C}.Release|x64.Build.0 = Release|Any CPU
		{4DC70D12-D1BE-4A05-8450-2427A662DA5C}.Release|x86.ActiveCfg = Release|Any CPU
		{4DC70D12-D1BE-4A05-8450-2427A662DA5C}.Release|x86.Build.0 = Release|Any CPU
		{5577A8B7-7E76-4231-8409-6E654E477FDF}.Debug|Any CPU.ActiveCfg = Debug|Any CPU
		{5577A8B7-7E76-4231-8409-6E654E477FDF}.Debug|Any CPU.Build.0 = Debug|Any CPU
		{5577A8B7-7E76-4231-8409-6E654E477FDF}.Debug|x64.ActiveCfg = Debug|Any CPU
		{5577A8B7-7E76-4231-8409-6E654E477FDF}.Debug|x64.Build.0 = Debug|Any CPU
		{5577A8B7-7E76-4231-8409-6E654E477FDF}.Debug|x86.ActiveCfg = Debug|Any CPU
		{5577A8B7-7E76-4231-8409-6E654E477FDF}.Debug|x86.Build.0 = Debug|Any CPU
		{5577A8B7-7E76-4231-8409-6E654E477FDF}.Release|Any CPU.ActiveCfg = Release|Any CPU
		{5577A8B7-7E76-4231-8409-6E654E477FDF}.Release|Any CPU.Build.0 = Release|Any CPU
		{5577A8B7-7E76-4231-8409-6E654E477FDF}.Release|x64.ActiveCfg = Release|Any CPU
		{5577A8B7-7E76-4231-8409-6E654E477FDF}.Release|x64.Build.0 = Release|Any CPU
		{5577A8B7-7E76-4231-8409-6E654E477FDF}.Release|x86.ActiveCfg = Release|Any CPU
		{5577A8B7-7E76-4231-8409-6E654E477FDF}.Release|x86.Build.0 = Release|Any CPU
		{FD7CEA3F-9D78-401F-915F-584DB2C6FAD9}.Debug|Any CPU.ActiveCfg = Debug|Any CPU
		{FD7CEA3F-9D78-401F-915F-584DB2C6FAD9}.Debug|Any CPU.Build.0 = Debug|Any CPU
		{FD7CEA3F-9D78-401F-915F-584DB2C6FAD9}.Debug|x64.ActiveCfg = Debug|Any CPU
		{FD7CEA3F-9D78-401F-915F-584DB2C6FAD9}.Debug|x64.Build.0 = Debug|Any CPU
		{FD7CEA3F-9D78-401F-915F-584DB2C6FAD9}.Debug|x86.ActiveCfg = Debug|Any CPU
		{FD7CEA3F-9D78-401F-915F-584DB2C6FAD9}.Debug|x86.Build.0 = Debug|Any CPU
		{FD7CEA3F-9D78-401F-915F-584DB2C6FAD9}.Release|Any CPU.ActiveCfg = Release|Any CPU
		{FD7CEA3F-9D78-401F-915F-584DB2C6FAD9}.Release|Any CPU.Build.0 = Release|Any CPU
		{FD7CEA3F-9D78-401F-915F-584DB2C6FAD9}.Release|x64.ActiveCfg = Release|Any CPU
		{FD7CEA3F-9D78-401F-915F-584DB2C6FAD9}.Release|x64.Build.0 = Release|Any CPU
		{FD7CEA3F-9D78-401F-915F-584DB2C6FAD9}.Release|x86.ActiveCfg = Release|Any CPU
		{FD7CEA3F-9D78-401F-915F-584DB2C6FAD9}.Release|x86.Build.0 = Release|Any CPU
		{4C0F18D1-87ED-443F-9150-45ACE4D24E50}.Debug|Any CPU.ActiveCfg = Debug|Any CPU
		{4C0F18D1-87ED-443F-9150-45ACE4D24E50}.Debug|Any CPU.Build.0 = Debug|Any CPU
		{4C0F18D1-87ED-443F-9150-45ACE4D24E50}.Debug|x64.ActiveCfg = Debug|Any CPU
		{4C0F18D1-87ED-443F-9150-45ACE4D24E50}.Debug|x64.Build.0 = Debug|Any CPU
		{4C0F18D1-87ED-443F-9150-45ACE4D24E50}.Debug|x86.ActiveCfg = Debug|Any CPU
		{4C0F18D1-87ED-443F-9150-45ACE4D24E50}.Debug|x86.Build.0 = Debug|Any CPU
		{4C0F18D1-87ED-443F-9150-45ACE4D24E50}.Release|Any CPU.ActiveCfg = Release|Any CPU
		{4C0F18D1-87ED-443F-9150-45ACE4D24E50}.Release|Any CPU.Build.0 = Release|Any CPU
		{4C0F18D1-87ED-443F-9150-45ACE4D24E50}.Release|x64.ActiveCfg = Release|Any CPU
		{4C0F18D1-87ED-443F-9150-45ACE4D24E50}.Release|x64.Build.0 = Release|Any CPU
		{4C0F18D1-87ED-443F-9150-45ACE4D24E50}.Release|x86.ActiveCfg = Release|Any CPU
		{4C0F18D1-87ED-443F-9150-45ACE4D24E50}.Release|x86.Build.0 = Release|Any CPU
	EndGlobalSection
	GlobalSection(SolutionProperties) = preSolution
		HideSolutionNode = FALSE
	EndGlobalSection
EndGlobal
